
Microsoft Visual Studio Solution File, Format Version 12.00
# Visual Studio Version 17
VisualStudioVersion = 17.4.33122.133
MinimumVisualStudioVersion = 10.0.40219.1
Project("{9A19103F-16F7-4668-BE54-9A1E7A4F7556}") = "DemoMVC.Web", "DemoMVC\DemoMVC.Web.csproj", "{C036A640-445B-47BF-BED2-8A19AAC92555}"
EndProject
Project("{9A19103F-16F7-4668-BE54-9A1E7A4F7556}") = "DemoMVC.Models", "DemoMVC.Model\DemoMVC.Models.csproj", "{1802586D-8D47-4536-B555-3491C765D6F8}"
EndProject
Project("{9A19103F-16F7-4668-BE54-9A1E7A4F7556}") = "DemoMVC.DataAccess", "DemoMvc.DataAccess\DemoMVC.DataAccess.csproj", "{449C8BB2-B10A-46BD-A626-90D9C2B3009D}"
EndProject
Project("{9A19103F-16F7-4668-BE54-9A1E7A4F7556}") = "DemoMVC.Utility", "DemoMVC.Utility\DemoMVC.Utility.csproj", "{AE668953-0399-4B68-ACA4-E7AE28461D97}"
EndProject
Project("{9A19103F-16F7-4668-BE54-9A1E7A4F7556}") = "DemoMVC.Test", "DemoMVC.Test\DemoMVC.Test.csproj", "{874E2841-CD37-4DAC-959C-58EBD8918346}"
EndProject
Global
	GlobalSection(SolutionConfigurationPlatforms) = preSolution
		Debug|Any CPU = Debug|Any CPU
		Release|Any CPU = Release|Any CPU
	EndGlobalSection
	GlobalSection(ProjectConfigurationPlatforms) = postSolution
		{C036A640-445B-47BF-BED2-8A19AAC92555}.Debug|Any CPU.ActiveCfg = Debug|Any CPU
		{C036A640-445B-47BF-BED2-8A19AAC92555}.Debug|Any CPU.Build.0 = Debug|Any CPU
		{C036A640-445B-47BF-BED2-8A19AAC92555}.Release|Any CPU.ActiveCfg = Release|Any CPU
		{C036A640-445B-47BF-BED2-8A19AAC92555}.Release|Any CPU.Build.0 = Release|Any CPU
		{1802586D-8D47-4536-B555-3491C765D6F8}.Debug|Any CPU.ActiveCfg = Debug|Any CPU
		{1802586D-8D47-4536-B555-3491C765D6F8}.Debug|Any CPU.Build.0 = Debug|Any CPU
		{1802586D-8D47-4536-B555-3491C765D6F8}.Release|Any CPU.ActiveCfg = Release|Any CPU
		{1802586D-8D47-4536-B555-3491C765D6F8}.Release|Any CPU.Build.0 = Release|Any CPU
		{449C8BB2-B10A-46BD-A626-90D9C2B3009D}.Debug|Any CPU.ActiveCfg = Debug|Any CPU
		{449C8BB2-B10A-46BD-A626-90D9C2B3009D}.Debug|Any CPU.Build.0 = Debug|Any CPU
		{449C8BB2-B10A-46BD-A626-90D9C2B3009D}.Release|Any CPU.ActiveCfg = Release|Any CPU
		{449C8BB2-B10A-46BD-A626-90D9C2B3009D}.Release|Any CPU.Build.0 = Release|Any CPU
		{AE668953-0399-4B68-ACA4-E7AE28461D97}.Debug|Any CPU.ActiveCfg = Debug|Any CPU
		{AE668953-0399-4B68-ACA4-E7AE28461D97}.Debug|Any CPU.Build.0 = Debug|Any CPU
		{AE668953-0399-4B68-ACA4-E7AE28461D97}.Release|Any CPU.ActiveCfg = Release|Any CPU
		{AE668953-0399-4B68-ACA4-E7AE28461D97}.Release|Any CPU.Build.0 = Release|Any CPU
		{874E2841-CD37-4DAC-959C-58EBD8918346}.Debug|Any CPU.ActiveCfg = Debug|Any CPU
		{874E2841-CD37-4DAC-959C-58EBD8918346}.Debug|Any CPU.Build.0 = Debug|Any CPU
		{874E2841-CD37-4DAC-959C-58EBD8918346}.Release|Any CPU.ActiveCfg = Release|Any CPU
		{874E2841-CD37-4DAC-959C-58EBD8918346}.Release|Any CPU.Build.0 = Release|Any CPU
	EndGlobalSection
	GlobalSection(SolutionProperties) = preSolution
		HideSolutionNode = FALSE
	EndGlobalSection
	GlobalSection(ExtensibilityGlobals) = postSolution
		SolutionGuid = {0E9DDEB2-46A6-4046-9481-913C0A210298}
	EndGlobalSection
EndGlobal
